
Microsoft Visual Studio Solution File, Format Version 12.00
# Visual Studio Version 16
VisualStudioVersion = 16.0.29613.14
MinimumVisualStudioVersion = 10.0.40219.1
Project("{FAE04EC0-301F-11D3-BF4B-00C04F79EFBC}") = "TimeIt", "TimeIt\TimeIt.csproj", "{4814BD33-BA5E-4B81-87A0-32ECFF1A290A}"
EndProject
Global
	GlobalSection(SolutionConfigurationPlatforms) = preSolution
		Debug|Any CPU = Debug|Any CPU
		Release|Any CPU = Release|Any CPU
	EndGlobalSection
	GlobalSection(ProjectConfigurationPlatforms) = postSolution
		{4814BD33-BA5E-4B81-87A0-32ECFF1A290A}.Debug|Any CPU.ActiveCfg = Debug|Any CPU
		{4814BD33-BA5E-4B81-87A0-32ECFF1A290A}.Debug|Any CPU.Build.0 = Debug|Any CPU
		{4814BD33-BA5E-4B81-87A0-32ECFF1A290A}.Release|Any CPU.ActiveCfg = Release|Any CPU
		{4814BD33-BA5E-4B81-87A0-32ECFF1A290A}.Release|Any CPU.Build.0 = Release|Any CPU
	EndGlobalSection
	GlobalSection(SolutionProperties) = preSolution
		HideSolutionNode = FALSE
	EndGlobalSection
	GlobalSection(ExtensibilityGlobals) = postSolution
		SolutionGuid = {63B31799-2406-4A8A-A4E4-3FEEC190E54B}
	EndGlobalSection
EndGlobal
